// !$*UTF8*$!
{
	archiveVersion = 1;
	classes = {
	};
	objectVersion = 46;
	objects = {

/* Begin PBXBuildFile section */
		00E8D2C91BDDDD770057648C /* testfile.c in Sources */ = {isa = PBXBuildFile; fileRef = 00E8D2C71BDDDD770057648C /* testfile.c */; };
		00FB2B361BD734F4006299B6 /* malloc.c in Sources */ = {isa = PBXBuildFile; fileRef = 00FB2B341BD734F4006299B6 /* malloc.c */; };
/* End PBXBuildFile section */

/* Begin PBXCopyFilesBuildPhase section */
		00FB2B281BD69645006299B6 /* CopyFiles */ = {
			isa = PBXCopyFilesBuildPhase;
			buildActionMask = 2147483647;
			dstPath = /usr/share/man/man1/;
			dstSubfolderSpec = 0;
			files = (
			);
			runOnlyForDeploymentPostprocessing = 1;
		};
/* End PBXCopyFilesBuildPhase section */

/* Begin PBXFileReference section */
		00E8D2C71BDDDD770057648C /* testfile.c */ = {isa = PBXFileReference; fileEncoding = 4; lastKnownFileType = sourcecode.c.c; name = testfile.c; path = PA3/testfile.c; sourceTree = "<group>"; };
		00E8D2C81BDDDD770057648C /* testfile.h */ = {isa = PBXFileReference; fileEncoding = 4; lastKnownFileType = sourcecode.c.h; name = testfile.h; path = PA3/testfile.h; sourceTree = "<group>"; };
		00FB2B2A1BD69645006299B6 /* PA3 */ = {isa = PBXFileReference; explicitFileType = "compiled.mach-o.executable"; includeInIndex = 0; path = PA3; sourceTree = BUILT_PRODUCTS_DIR; };
		00FB2B341BD734F4006299B6 /* malloc.c */ = {isa = PBXFileReference; fileEncoding = 4; lastKnownFileType = sourcecode.c.c; path = malloc.c; sourceTree = "<group>"; };
		00FB2B351BD734F4006299B6 /* malloc.h */ = {isa = PBXFileReference; fileEncoding = 4; lastKnownFileType = sourcecode.c.h; path = malloc.h; sourceTree = "<group>"; };
/* End PBXFileReference section */

/* Begin PBXFrameworksBuildPhase section */
		00FB2B271BD69645006299B6 /* Frameworks */ = {
			isa = PBXFrameworksBuildPhase;
			buildActionMask = 2147483647;
			files = (
			);
			runOnlyForDeploymentPostprocessing = 0;
		};
/* End PBXFrameworksBuildPhase section */

/* Begin PBXGroup section */
		00FB2B211BD69645006299B6 = {
			isa = PBXGroup;
			children = (
				00E8D2C71BDDDD770057648C /* testfile.c */,
				00E8D2C81BDDDD770057648C /* testfile.h */,
				00FB2B2C1BD69645006299B6 /* PA3 */,
				00FB2B2B1BD69645006299B6 /* Products */,
			);
			sourceTree = "<group>";
		};
		00FB2B2B1BD69645006299B6 /* Products */ = {
			isa = PBXGroup;
			children = (
				00FB2B2A1BD69645006299B6 /* PA3 */,
			);
			name = Products;
			sourceTree = "<group>";
		};
		00FB2B2C1BD69645006299B6 /* PA3 */ = {
			isa = PBXGroup;
			children = (
				00FB2B341BD734F4006299B6 /* malloc.c */,
				00FB2B351BD734F4006299B6 /* malloc.h */,
			);
			path = PA3;
			sourceTree = "<group>";
		};
/* End PBXGroup section */

/* Begin PBXNativeTarget section */
		00FB2B291BD69645006299B6 /* PA3 */ = {
			isa = PBXNativeTarget;
			buildConfigurationList = 00FB2B311BD69645006299B6 /* Build configuration list for PBXNativeTarget "PA3" */;
			buildPhases = (
				00FB2B261BD69645006299B6 /* Sources */,
				00FB2B271BD69645006299B6 /* Frameworks */,
				00FB2B281BD69645006299B6 /* CopyFiles */,
			);
			buildRules = (
			);
			dependencies = (
			);
			name = PA3;
			productName = PA3;
			productReference = 00FB2B2A1BD69645006299B6 /* PA3 */;
			productType = "com.apple.product-type.tool";
		};
/* End PBXNativeTarget section */

/* Begin PBXProject section */
		00FB2B221BD69645006299B6 /* Project object */ = {
			isa = PBXProject;
			attributes = {
				LastUpgradeCheck = 0640;
				ORGANIZATIONNAME = "Deepak Nalla";
				TargetAttributes = {
					00FB2B291BD69645006299B6 = {
						CreatedOnToolsVersion = 6.4;
					};
				};
			};
			buildConfigurationList = 00FB2B251BD69645006299B6 /* Build configuration list for PBXProject "PA3" */;
			compatibilityVersion = "Xcode 3.2";
			developmentRegion = English;
			hasScannedForEncodings = 0;
			knownRegions = (
				en,
			);
			mainGroup = 00FB2B211BD69645006299B6;
			productRefGroup = 00FB2B2B1BD69645006299B6 /* Products */;
			projectDirPath = "";
			projectRoot = "";
			targets = (
				00FB2B291BD69645006299B6 /* PA3 */,
			);
		};
/* End PBXProject section */

/* Begin PBXSourcesBuildPhase section */
		00FB2B261BD69645006299B6 /* Sources */ = {
			isa = PBXSourcesBuildPhase;
			buildActionMask = 2147483647;
			files = (
				00FB2B361BD734F4006299B6 /* malloc.c in Sources */,
				00E8D2C91BDDDD770057648C /* testfile.c in Sources */,
			);
			runOnlyForDeploymentPostprocessing = 0;
		};
/* End PBXSourcesBuildPhase section */

/* Begin XCBuildConfiguration section */
		00FB2B2F1BD69645006299B6 /* Debug */ = {
			isa = XCBuildConfiguration;
			buildSettings = {
				ALWAYS_SEARCH_USER_PATHS = NO;
				CLANG_CXX_LANGUAGE_STANDARD = "gnu++0x";
				CLANG_CXX_LIBRARY = "libc++";
				CLANG_ENABLE_MODULES = YES;
				CLANG_ENABLE_OBJC_ARC = YES;
				CLANG_WARN_BOOL_CONVERSION = YES;
				CLANG_WARN_CONSTANT_CONVERSION = YES;
				CLANG_WARN_DIRECT_OBJC_ISA_USAGE = YES_ERROR;
				CLANG_WARN_EMPTY_BODY = YES;
				CLANG_WARN_ENUM_CONVERSION = YES;
				CLANG_WARN_INT_CONVERSION = YES;
				CLANG_WARN_OBJC_ROOT_CLASS = YES_ERROR;
				CLANG_WARN_UNREACHABLE_CODE = YES;
				CLANG_WARN__DUPLICATE_METHOD_MATCH = YES;
				COPY_PHASE_STRIP = NO;
				DEBUG_INFORMATION_FORMAT = dwarf;
				ENABLE_STRICT_OBJC_MSGSEND = YES;
				GCC_C_LANGUAGE_STANDARD = gnu99;
				GCC_DYNAMIC_NO_PIC = NO;
				GCC_NO_COMMON_BLOCKS = YES;
				GCC_OPTIMIZATION_LEVEL = 0;
				GCC_PREPROCESSOR_DEFINITIONS = (
					"DEBUG=1",
					"$(inherited)",
				);
				GCC_SYMBOLS_PRIVATE_EXTERN = NO;
				GCC_WARN_64_TO_32_BIT_CONVERSION = YES;
				GCC_WARN_ABOUT_RETURN_TYPE = YES_ERROR;
				GCC_WARN_UNDECLARED_SELECTOR = YES;
				GCC_WARN_UNINITIALIZED_AUTOS = YES_AGGRESSIVE;
				GCC_WARN_UNUSED_FUNCTION = YES;
				GCC_WARN_UNUSED_VARIABLE = YES;
				MACOSX_DEPLOYMENT_TARGET = 10.10;
				MTL_ENABLE_DEBUG_INFO = YES;
				ONLY_ACTIVE_ARCH = YES;
				SDKROOT = macosx;
			};
			name = Debug;
		};
		00FB2B301BD69645006299B6 /* Release */ = {
			isa = XCBuildConfiguration;
			buildSettings = {
				ALWAYS_SEARCH_USER_PATHS = NO;
				CLANG_CXX_LANGUAGE_STANDARD = "gnu++0x";
				CLANG_CXX_LIBRARY = "libc++";
				CLANG_ENABLE_MODULES = YES;
				CLANG_ENABLE_OBJC_ARC = YES;
				CLANG_WARN_BOOL_CONVERSION = YES;
				CLANG_WARN_CONSTANT_CONVERSION = YES;
				CLANG_WARN_DIRECT_OBJC_ISA_USAGE = YES_ERROR;
				CLANG_WARN_EMPTY_BODY = YES;
				CLANG_WARN_ENUM_CONVERSION = YES;
				CLANG_WARN_INT_CONVERSION = YES;
				CLANG_WARN_OBJC_ROOT_CLASS = YES_ERROR;
				CLANG_WARN_UNREACHABLE_CODE = YES;
				CLANG_WARN__DUPLICATE_METHOD_MATCH = YES;
				COPY_PHASE_STRIP = NO;
				DEBUG_INFORMATION_FORMAT = "dwarf-with-dsym";
				ENABLE_NS_ASSERTIONS = NO;
				ENABLE_STRICT_OBJC_MSGSEND = YES;
				GCC_C_LANGUAGE_STANDARD = gnu99;
				GCC_NO_COMMON_BLOCKS = YES;
				GCC_WARN_64_TO_32_BIT_CONVERSION = YES;
				GCC_WARN_ABOUT_RETURN_TYPE = YES_ERROR;
				GCC_WARN_UNDECLARED_SELECTOR = YES;
				GCC_WARN_UNINITIALIZED_AUTOS = YES_AGGRESSIVE;
				GCC_WARN_UNUSED_FUNCTION = YES;
				GCC_WARN_UNUSED_VARIABLE = YES;
				MACOSX_DEPLOYMENT_TARGET = 10.10;
				MTL_ENABLE_DEBUG_INFO = NO;
				SDKROOT = macosx;
			};
			name = Release;
		};
		00FB2B321BD69645006299B6 /* Debug */ = {
			isa = XCBuildConfiguration;
			buildSettings = {
				PRODUCT_NAME = "$(TARGET_NAME)";
			};
			name = Debug;
		};
		00FB2B331BD69645006299B6 /* Release */ = {
			isa = XCBuildConfiguration;
			buildSettings = {
				PRODUCT_NAME = "$(TARGET_NAME)";
			};
			name = Release;
		};
/* End XCBuildConfiguration section */

/* Begin XCConfigurationList section */
		00FB2B251BD69645006299B6 /* Build configuration list for PBXProject "PA3" */ = {
			isa = XCConfigurationList;
			buildConfigurations = (
				00FB2B2F1BD69645006299B6 /* Debug */,
				00FB2B301BD69645006299B6 /* Release */,
			);
			defaultConfigurationIsVisible = 0;
			defaultConfigurationName = Release;
		};
		00FB2B311BD69645006299B6 /* Build configuration list for PBXNativeTarget "PA3" */ = {
			isa = XCConfigurationList;
			buildConfigurations = (
				00FB2B321BD69645006299B6 /* Debug */,
				00FB2B331BD69645006299B6 /* Release */,
			);
			defaultConfigurationIsVisible = 0;
			defaultConfigurationName = Release;
		};
/* End XCConfigurationList section */
	};
	rootObject = 00FB2B221BD69645006299B6 /* Project object */;
}
